
Microsoft Visual Studio Solution File, Format Version 12.00
# Visual Studio 15
Project("{FAE04EC0-301F-11D3-BF4B-00C04F79EFBC}") = "Assembly-CSharp", "Assembly-CSharp.csproj", "{824ED7D3-6F27-81CC-8ADE-2F22F0520CD4}"
EndProject
Global
	GlobalSection(SolutionConfigurationPlatforms) = preSolution
		Debug|Any CPU = Debug|Any CPU
		Release|Any CPU = Release|Any CPU
	EndGlobalSection
	GlobalSection(ProjectConfigurationPlatforms) = postSolution
		{824ED7D3-6F27-81CC-8ADE-2F22F0520CD4}.Debug|Any CPU.ActiveCfg = Debug|Any CPU
		{824ED7D3-6F27-81CC-8ADE-2F22F0520CD4}.Debug|Any CPU.Build.0 = Debug|Any CPU
		{824ED7D3-6F27-81CC-8ADE-2F22F0520CD4}.Release|Any CPU.ActiveCfg = Release|Any CPU
		{824ED7D3-6F27-81CC-8ADE-2F22F0520CD4}.Release|Any CPU.Build.0 = Release|Any CPU
	EndGlobalSection
	GlobalSection(SolutionProperties) = preSolution
		HideSolutionNode = FALSE
	EndGlobalSection
EndGlobal
